# THIS IS AN AUTOGENERATED FILE. DO NOT EDIT THIS FILE DIRECTLY.
# yarn lockfile v1


"@types/angular@^1.6.23":
  version "1.6.25"
  resolved "https://registry.yarnpkg.com/@types/angular/-/angular-1.6.25.tgz#d403e94b40e06af3d9b76da5031795a9b929d08a"

"@types/jquery@*", "@types/jquery@^3.2.5":
  version "3.2.5"
  resolved "https://registry.yarnpkg.com/@types/jquery/-/jquery-3.2.5.tgz#c082efaab6a791b98131c011343b1d92a56b6019"

"@types/lodash@^4.14.67":
  version "4.14.68"
  resolved "https://registry.yarnpkg.com/@types/lodash/-/lodash-4.14.68.tgz#754fbab68bd2bbb69547dc8ce7574f7012eed7f6"

"@types/node@^8.0.4":
  version "8.0.7"
  resolved "https://registry.yarnpkg.com/@types/node/-/node-8.0.7.tgz#fb0ad04b5b6f6eabe0372a32a8f1fbba5c130cae"

"@types/urijs@^1.15.32":
  version "1.15.33"
  resolved "https://registry.yarnpkg.com/@types/urijs/-/urijs-1.15.33.tgz#7fa28fb3995c25355a83fbaacaf99ff286f70536"
  dependencies:
    "@types/jquery" "*"

alertifyjs@^1.10.0:
  version "1.10.0"
  resolved "https://registry.yarnpkg.com/alertifyjs/-/alertifyjs-1.10.0.tgz#a49f18cb06e52650e06ef8cfb7514da78c8d0cef"

angular-animate@^1.6.4:
  version "1.6.5"
  resolved "https://registry.yarnpkg.com/angular-animate/-/angular-animate-1.6.5.tgz#3817c75880d05fc899a6c8d4b09d1cc62a71e93a"

angular-messages@^1.6.4:
  version "1.6.5"
  resolved "https://registry.yarnpkg.com/angular-messages/-/angular-messages-1.6.5.tgz#cc8127c48dfc47e69fedd0b0eadd5a97d18983a8"

angular-ui-bootstrap@^2.5.0:
  version "2.5.0"
  resolved "https://registry.yarnpkg.com/angular-ui-bootstrap/-/angular-ui-bootstrap-2.5.0.tgz#2facefb915386655dc5f44150258032517236d01"

angular@^1.6.4:
  version "1.6.5"
  resolved "https://registry.yarnpkg.com/angular/-/angular-1.6.5.tgz#37f788eebec5ce2e3fa02b17bbcb2a231576a0d6"

bootstrap-sass@^3.3.7:
  version "3.3.7"
  resolved "https://registry.yarnpkg.com/bootstrap-sass/-/bootstrap-sass-3.3.7.tgz#6596c7ab40f6637393323ab0bc80d064fc630498"

jquery-validation-unobtrusive@^3.2.6:
  version "3.2.6"
  resolved "https://registry.yarnpkg.com/jquery-validation-unobtrusive/-/jquery-validation-unobtrusive-3.2.6.tgz#0f8767c5462e30b4a5743d12461e8057da7572e5"
  dependencies:
    jquery ">=1.8"
    jquery-validation ">=1.8"

jquery-validation@>=1.8, jquery-validation@^1.16.0:
  version "1.16.0"
  resolved "https://registry.yarnpkg.com/jquery-validation/-/jquery-validation-1.16.0.tgz#b6e5277ebbd67c1fabab213eb4454eea8a3095ca"
  dependencies:
    jquery "^1.7 || ^2.0 || ^3.1"

jquery@>=1.8, "jquery@^1.7 || ^2.0 || ^3.1", jquery@^3.2.1:
  version "3.2.1"
  resolved "https://registry.yarnpkg.com/jquery/-/jquery-3.2.1.tgz#5c4d9de652af6cd0a770154a631bba12b015c787"

lodash@^4.17.4:
  version "4.17.4"
  resolved "https://registry.yarnpkg.com/lodash/-/lodash-4.17.4.tgz#78203a4d1c328ae1d86dca6460e369b57f4055ae"

moment@^2.18.1:
  version "2.18.1"
  resolved "https://registry.yarnpkg.com/moment/-/moment-2.18.1.tgz#c36193dd3ce1c2eed2adb7c802dbbc77a81b1c0f"

mustache@^2.3.0:
  version "2.3.0"
  resolved "https://registry.yarnpkg.com/mustache/-/mustache-2.3.0.tgz#4028f7778b17708a489930a6e52ac3bca0da41d0"

reconnecting-websocket@^3.0.7:
  version "3.0.7"
  resolved "https://registry.yarnpkg.com/reconnecting-websocket/-/reconnecting-websocket-3.0.7.tgz#00f7dafd4cd6a87db875805a38ec84452b3b1d67"

tslib@^1.7.1:
  version "1.7.1"
  resolved "https://registry.yarnpkg.com/tslib/-/tslib-1.7.1.tgz#bc8004164691923a79fe8378bbeb3da2017538ec"

urijs@^1.18.10:
  version "1.18.10"
  resolved "https://registry.yarnpkg.com/urijs/-/urijs-1.18.10.tgz#b94463eaba59a1a796036a467bb633c667f221ab"
